{
  "name": "WikiEduDashboard",
  "dependencies": {
    "i18n-js": {
      "version": "0.0.0",
      "from": "http://github.com/fnando/i18n-js/archive/v3.0.0.rc8.tar.gz",
      "resolved": "http://github.com/fnando/i18n-js/archive/v3.0.0.rc8.tar.gz"
    },
    "markdown-it": {
      "version": "5.0.0",
      "from": "markdown-it@5.0.0",
      "resolved": "https://registry.npmjs.org/markdown-it/-/markdown-it-5.0.0.tgz",
      "dependencies": {
        "argparse": {
          "version": "1.0.2",
          "from": "argparse@>=1.0.2 <1.1.0",
          "resolved": "https://registry.npmjs.org/argparse/-/argparse-1.0.2.tgz",
          "dependencies": {
            "sprintf-js": {
              "version": "1.0.3",
              "from": "sprintf-js@>=1.0.2 <1.1.0",
              "resolved": "https://registry.npmjs.org/sprintf-js/-/sprintf-js-1.0.3.tgz"
            }
          }
        },
        "entities": {
          "version": "1.1.1",
          "from": "entities@>=1.1.1 <1.2.0",
          "resolved": "https://registry.npmjs.org/entities/-/entities-1.1.1.tgz"
        },
        "linkify-it": {
          "version": "1.2.0",
          "from": "linkify-it@>=1.2.0 <1.3.0",
          "resolved": "https://registry.npmjs.org/linkify-it/-/linkify-it-1.2.0.tgz"
        },
        "mdurl": {
          "version": "1.0.1",
          "from": "mdurl@>=1.0.1 <1.1.0",
          "resolved": "https://registry.npmjs.org/mdurl/-/mdurl-1.0.1.tgz"
        },
        "uc.micro": {
          "version": "1.0.0",
          "from": "uc.micro@>=1.0.0 <2.0.0",
          "resolved": "https://registry.npmjs.org/uc.micro/-/uc.micro-1.0.0.tgz"
        }
      }
    },
    "mcfly": {
      "version": "0.0.10",
      "from": "https://registry.npmjs.org/mcfly/-/mcfly-0.0.10.tgz",
      "resolved": "https://registry.npmjs.org/mcfly/-/mcfly-0.0.10.tgz",
      "dependencies": {
        "es6-promise": {
          "version": "2.3.0",
          "from": "https://registry.npmjs.org/es6-promise/-/es6-promise-2.3.0.tgz",
          "resolved": "https://registry.npmjs.org/es6-promise/-/es6-promise-2.3.0.tgz"
        },
        "flux": {
          "version": "2.1.1",
          "from": "https://registry.npmjs.org/flux/-/flux-2.1.1.tgz",
          "resolved": "https://registry.npmjs.org/flux/-/flux-2.1.1.tgz",
          "dependencies": {
            "fbemitter": {
              "version": "2.0.0",
              "from": "https://registry.npmjs.org/fbemitter/-/fbemitter-2.0.0.tgz",
              "resolved": "https://registry.npmjs.org/fbemitter/-/fbemitter-2.0.0.tgz"
            },
            "fbjs": {
              "version": "0.1.0-alpha.7",
              "from": "https://registry.npmjs.org/fbjs/-/fbjs-0.1.0-alpha.7.tgz",
              "resolved": "https://registry.npmjs.org/fbjs/-/fbjs-0.1.0-alpha.7.tgz",
              "dependencies": {
                "core-js": {
                  "version": "1.2.0",
                  "from": "https://registry.npmjs.org/core-js/-/core-js-1.2.0.tgz",
                  "resolved": "https://registry.npmjs.org/core-js/-/core-js-1.2.0.tgz"
                },
                "promise": {
                  "version": "7.0.4",
                  "from": "https://registry.npmjs.org/promise/-/promise-7.0.4.tgz",
                  "resolved": "https://registry.npmjs.org/promise/-/promise-7.0.4.tgz",
                  "dependencies": {
                    "asap": {
                      "version": "2.0.3",
                      "from": "https://registry.npmjs.org/asap/-/asap-2.0.3.tgz",
                      "resolved": "https://registry.npmjs.org/asap/-/asap-2.0.3.tgz"
                    }
                  }
                },
                "whatwg-fetch": {
                  "version": "0.9.0",
                  "from": "https://registry.npmjs.org/whatwg-fetch/-/whatwg-fetch-0.9.0.tgz",
                  "resolved": "https://registry.npmjs.org/whatwg-fetch/-/whatwg-fetch-0.9.0.tgz"
                }
              }
            },
            "immutable": {
              "version": "3.7.5",
              "from": "https://registry.npmjs.org/immutable/-/immutable-3.7.5.tgz",
              "resolved": "https://registry.npmjs.org/immutable/-/immutable-3.7.5.tgz"
            }
          }
        },
        "invariant": {
          "version": "1.0.2",
          "from": "https://registry.npmjs.org/invariant/-/invariant-1.0.2.tgz",
          "resolved": "https://registry.npmjs.org/invariant/-/invariant-1.0.2.tgz"
        },
        "object-assign": {
          "version": "1.0.0",
          "from": "https://registry.npmjs.org/object-assign/-/object-assign-1.0.0.tgz",
          "resolved": "https://registry.npmjs.org/object-assign/-/object-assign-1.0.0.tgz"
        }
      }
    },
    "moment": {
      "version": "2.10.6",
      "from": "https://registry.npmjs.org/moment/-/moment-2.10.6.tgz",
      "resolved": "https://registry.npmjs.org/moment/-/moment-2.10.6.tgz"
    },
    "react": {
      "version": "0.13.3",
      "from": "https://registry.npmjs.org/react/-/react-0.13.3.tgz",
      "resolved": "https://registry.npmjs.org/react/-/react-0.13.3.tgz"
    },
    "react-datepicker": {
      "version": "0.11.5",
      "from": "git+https://github.com/ntdb/react-datepicker.git#eb8e4a233f112f34f89a55655762ed066fe821bf",
      "resolved": "git+https://github.com/ntdb/react-datepicker.git#eb8e4a233f112f34f89a55655762ed066fe821bf",
      "dependencies": {
        "tether": {
          "version": "1.1.0",
          "from": "https://registry.npmjs.org/tether/-/tether-1.1.0.tgz",
          "resolved": "https://registry.npmjs.org/tether/-/tether-1.1.0.tgz"
        },
        "react-onclickoutside": {
          "version": "0.3.0",
          "from": "https://registry.npmjs.org/react-onclickoutside/-/react-onclickoutside-0.3.0.tgz",
          "resolved": "https://registry.npmjs.org/react-onclickoutside/-/react-onclickoutside-0.3.0.tgz"
        }
      }
    },
    "react-day-picker": {
      "version": "1.0.5",
      "from": "https://registry.npmjs.org/react-day-picker/-/react-day-picker-1.0.5.tgz",
      "resolved": "https://registry.npmjs.org/react-day-picker/-/react-day-picker-1.0.5.tgz"
    },
    "react-dnd": {
      "version": "1.1.4",
      "from": "git+https://github.com/ntdb/react-dnd.git#edf250fbf178383c6e8052643df1a7ae39fd02b3",
      "resolved": "git+https://github.com/ntdb/react-dnd.git#edf250fbf178383c6e8052643df1a7ae39fd02b3",
      "dependencies": {
        "disposables": {
          "version": "1.0.1",
          "from": "https://registry.npmjs.org/disposables/-/disposables-1.0.1.tgz",
          "resolved": "https://registry.npmjs.org/disposables/-/disposables-1.0.1.tgz"
        },
        "dnd-core": {
          "version": "1.2.1",
          "from": "https://registry.npmjs.org/dnd-core/-/dnd-core-1.2.1.tgz",
          "resolved": "https://registry.npmjs.org/dnd-core/-/dnd-core-1.2.1.tgz",
          "dependencies": {
            "keymirror": {
              "version": "0.1.1",
              "from": "https://registry.npmjs.org/keymirror/-/keymirror-0.1.1.tgz",
              "resolved": "https://registry.npmjs.org/keymirror/-/keymirror-0.1.1.tgz"
            },
            "redux": {
              "version": "3.0.2",
              "from": "https://registry.npmjs.org/redux/-/redux-3.0.2.tgz",
              "resolved": "https://registry.npmjs.org/redux/-/redux-3.0.2.tgz"
            }
          }
        },
        "invariant": {
          "version": "2.1.1",
          "from": "https://registry.npmjs.org/invariant/-/invariant-2.1.1.tgz",
          "resolved": "https://registry.npmjs.org/invariant/-/invariant-2.1.1.tgz",
          "dependencies": {
            "loose-envify": {
              "version": "1.0.0",
              "from": "https://registry.npmjs.org/loose-envify/-/loose-envify-1.0.0.tgz",
              "resolved": "https://registry.npmjs.org/loose-envify/-/loose-envify-1.0.0.tgz",
              "dependencies": {
                "js-tokens": {
                  "version": "1.0.1",
                  "from": "https://registry.npmjs.org/js-tokens/-/js-tokens-1.0.1.tgz",
                  "resolved": "https://registry.npmjs.org/js-tokens/-/js-tokens-1.0.1.tgz"
                }
              }
            }
          }
        }
      }
    },
    "react-router": {
      "version": "0.13.3",
      "from": "https://registry.npmjs.org/react-router/-/react-router-0.13.3.tgz",
      "resolved": "https://registry.npmjs.org/react-router/-/react-router-0.13.3.tgz",
      "dependencies": {
        "object-assign": {
          "version": "2.1.1",
          "from": "https://registry.npmjs.org/object-assign/-/object-assign-2.1.1.tgz",
          "resolved": "https://registry.npmjs.org/object-assign/-/object-assign-2.1.1.tgz"
        },
        "qs": {
          "version": "2.4.1",
          "from": "https://registry.npmjs.org/qs/-/qs-2.4.1.tgz",
          "resolved": "https://registry.npmjs.org/qs/-/qs-2.4.1.tgz"
        }
      }
    },
    "react-typeahead": {
      "version": "1.1.4",
      "from": "https://registry.npmjs.org/react-typeahead/-/react-typeahead-1.1.4.tgz",
      "resolved": "https://registry.npmjs.org/react-typeahead/-/react-typeahead-1.1.4.tgz",
      "dependencies": {
        "classnames": {
          "version": "1.2.2",
          "from": "https://registry.npmjs.org/classnames/-/classnames-1.2.2.tgz",
          "resolved": "https://registry.npmjs.org/classnames/-/classnames-1.2.2.tgz"
        },
        "fuzzy": {
          "version": "0.1.1",
          "from": "https://registry.npmjs.org/fuzzy/-/fuzzy-0.1.1.tgz",
          "resolved": "https://registry.npmjs.org/fuzzy/-/fuzzy-0.1.1.tgz"
        }
      }
    },
    "react-weekday-picker": {
      "version": "1.0.4",
      "from": "https://registry.npmjs.org/react-weekday-picker/-/react-weekday-picker-1.0.4.tgz",
      "resolved": "https://registry.npmjs.org/react-weekday-picker/-/react-weekday-picker-1.0.4.tgz"
    }
  }
}
